hash: 8d3cd7320a64de5c122137a4cc45d1eedd7ff634c864a830e8199b7f6c7df32d
updated: 2018-06-29T10:08:17.699417+08:00
imports:
- name: github.com/andybalholm/cascadia
  version: 901648c87902174f774fac311d7f176f8647bdaa
- name: github.com/BurntSushi/toml
  version: a368813c5e648fee92e5f6c30e3944ff9d5e8895
- name: github.com/go-chi/chi
  version: cca4135d8dddff765463feaf1118047a9e506b4a
  subpackages:
  - middleware
- name: github.com/go-sql-driver/mysql
  version: 749ddf1598b47e3cd909414bda735fe790ef3d30
- name: github.com/PuerkitoBio/goquery
  version: dc2ec5c7ca4d9aae063b79b9f581dd3ea6afd2b2
- name: golang.org/x/net
  version: 97aa3a539ec716117a9d15a4659a911f50d13c3c
  subpackages:
  - html
  - html/atom
- name: google.golang.org/appengine
  version: b1f26356af11148e710935ed1ac8a7f5702c7612
  subpackages:
  - cloudsql
testImports:
- name: github.com/davecgh/go-spew
  version: 8991bc29aa16c548c550c7ff78260e27b9ab7c73
  subpackages:
  - spew
- name: github.com/pmezard/go-difflib
  version: 792786c7400a136282c1664665ae0a8db921c6c2
  subpackages:
  - difflib
- name: github.com/stretchr/testify
  version: f35b8ab0b5a2cef36673838d662e249dd9c94686
  subpackages:
  - assert
